
Microsoft Visual Studio Solution File, Format Version 12.00
# Visual Studio Version 17
VisualStudioVersion = 17.7.34031.279
MinimumVisualStudioVersion = 10.0.40219.1
Project("{8BC9CEB8-8B4A-11D0-8D11-00A0C91BC942}") = "GetLine", "ConsoleApplication2\ConsoleApplication2.vcxproj", "{54AFBBFA-D48C-460E-960D-C997780E2650}"
EndProject
Project("{8BC9CEB8-8B4A-11D0-8D11-00A0C91BC942}") = "String0", "String0\String0.vcxproj", "{6EBDEF28-F048-457A-A304-5FBFD52B92F1}"
EndProject
Project("{8BC9CEB8-8B4A-11D0-8D11-00A0C91BC942}") = "String", "String\String.vcxproj", "{586BE6CF-0428-4304-81EB-35D326A4086C}"
EndProject
Project("{8BC9CEB8-8B4A-11D0-8D11-00A0C91BC942}") = "UndefinedBehaviour", "UndefinedBehaviour\UndefinedBehaviour.vcxproj", "{B342B2A2-45F1-400D-AF98-E613DEE77539}"
EndProject
Project("{8BC9CEB8-8B4A-11D0-8D11-00A0C91BC942}") = "Const", "Const\Const.vcxproj", "{3C69B1AC-9AAD-4DF1-BD29-11F6DFDDD247}"
EndProject
Project("{8BC9CEB8-8B4A-11D0-8D11-00A0C91BC942}") = "IntArray", "IntArray\IntArray.vcxproj", "{C13D0DAD-3EA6-46B5-B9B8-887C89A326C3}"
EndProject
Project("{8BC9CEB8-8B4A-11D0-8D11-00A0C91BC942}") = "FooSay", "FooSay\FooSay.vcxproj", "{77A3617A-2F1F-4F72-AA3A-48883F5F433A}"
EndProject
Project("{8BC9CEB8-8B4A-11D0-8D11-00A0C91BC942}") = "Expression_ScopedPtr_SharedPtr", "Expression\Expression.vcxproj", "{9E13F123-CB1D-4543-999D-2FBF90A56CD7}"
EndProject
Project("{8BC9CEB8-8B4A-11D0-8D11-00A0C91BC942}") = "VisitorExpression", "VisitorExpression\VisitorExpression.vcxproj", "{21B58105-C068-4625-9309-3EF56D5C044E}"
EndProject
Project("{8BC9CEB8-8B4A-11D0-8D11-00A0C91BC942}") = "Rational", "Rational\Rational.vcxproj", "{1FD9ACD4-16EE-4DB2-B3A7-1324881F5945}"
EndProject
Project("{8BC9CEB8-8B4A-11D0-8D11-00A0C91BC942}") = "ArrayTemplate", "ArrayTemplate\ArrayTemplate.vcxproj", "{D7E2DB44-54D9-408D-BB71-4D647FCE90B5}"
EndProject
Project("{8BC9CEB8-8B4A-11D0-8D11-00A0C91BC942}") = "ArrayTemplate2", "ArrayTemplateWithoutT\ArrayTemplateWithoutT.vcxproj", "{3317DB2D-66D3-45EE-9038-6A13ABBDD89C}"
EndProject
Project("{8BC9CEB8-8B4A-11D0-8D11-00A0C91BC942}") = "ValueHolder", "ValueHolder\ValueHolder.vcxproj", "{C5A9422D-4EE8-4093-BE4E-40B08F42A1C2}"
EndProject
Project("{8BC9CEB8-8B4A-11D0-8D11-00A0C91BC942}") = "copy_n", "copy_n\copy_n.vcxproj", "{2ED95F52-4835-44A1-86B8-56516BD4C513}"
EndProject
Project("{8BC9CEB8-8B4A-11D0-8D11-00A0C91BC942}") = "SameType", "SameType\SameType.vcxproj", "{9108C487-1066-443D-B0A7-E138DD5A5004}"
EndProject
Project("{8BC9CEB8-8B4A-11D0-8D11-00A0C91BC942}") = "Dynamic_cast", "Dynamic_cast\Dynamic_cast.vcxproj", "{82FDC3D7-29D1-4F02-9958-E2BC6B779B25}"
EndProject
Project("{8BC9CEB8-8B4A-11D0-8D11-00A0C91BC942}") = "Pthread", "Pthread\Pthread.vcxproj", "{640B1261-BD7E-4993-98B6-14F1AE1FD755}"
EndProject
Project("{8BC9CEB8-8B4A-11D0-8D11-00A0C91BC942}") = "Mptr", "Mptr\Mptr.vcxproj", "{4E38166B-E5AA-42F6-8AF9-5EF780C19188}"
EndProject
Global
	GlobalSection(SolutionConfigurationPlatforms) = preSolution
		Debug|x64 = Debug|x64
		Debug|x86 = Debug|x86
		Release|x64 = Release|x64
		Release|x86 = Release|x86
	EndGlobalSection
	GlobalSection(ProjectConfigurationPlatforms) = postSolution
		{54AFBBFA-D48C-460E-960D-C997780E2650}.Debug|x64.ActiveCfg = Debug|x64
		{54AFBBFA-D48C-460E-960D-C997780E2650}.Debug|x64.Build.0 = Debug|x64
		{54AFBBFA-D48C-460E-960D-C997780E2650}.Debug|x86.ActiveCfg = Debug|Win32
		{54AFBBFA-D48C-460E-960D-C997780E2650}.Debug|x86.Build.0 = Debug|Win32
		{54AFBBFA-D48C-460E-960D-C997780E2650}.Release|x64.ActiveCfg = Release|x64
		{54AFBBFA-D48C-460E-960D-C997780E2650}.Release|x64.Build.0 = Release|x64
		{54AFBBFA-D48C-460E-960D-C997780E2650}.Release|x86.ActiveCfg = Release|Win32
		{54AFBBFA-D48C-460E-960D-C997780E2650}.Release|x86.Build.0 = Release|Win32
		{6EBDEF28-F048-457A-A304-5FBFD52B92F1}.Debug|x64.ActiveCfg = Debug|x64
		{6EBDEF28-F048-457A-A304-5FBFD52B92F1}.Debug|x64.Build.0 = Debug|x64
		{6EBDEF28-F048-457A-A304-5FBFD52B92F1}.Debug|x86.ActiveCfg = Debug|Win32
		{6EBDEF28-F048-457A-A304-5FBFD52B92F1}.Debug|x86.Build.0 = Debug|Win32
		{6EBDEF28-F048-457A-A304-5FBFD52B92F1}.Release|x64.ActiveCfg = Release|x64
		{6EBDEF28-F048-457A-A304-5FBFD52B92F1}.Release|x64.Build.0 = Release|x64
		{6EBDEF28-F048-457A-A304-5FBFD52B92F1}.Release|x86.ActiveCfg = Release|Win32
		{6EBDEF28-F048-457A-A304-5FBFD52B92F1}.Release|x86.Build.0 = Release|Win32
		{586BE6CF-0428-4304-81EB-35D326A4086C}.Debug|x64.ActiveCfg = Debug|x64
		{586BE6CF-0428-4304-81EB-35D326A4086C}.Debug|x64.Build.0 = Debug|x64
		{586BE6CF-0428-4304-81EB-35D326A4086C}.Debug|x86.ActiveCfg = Debug|Win32
		{586BE6CF-0428-4304-81EB-35D326A4086C}.Debug|x86.Build.0 = Debug|Win32
		{586BE6CF-0428-4304-81EB-35D326A4086C}.Release|x64.ActiveCfg = Release|x64
		{586BE6CF-0428-4304-81EB-35D326A4086C}.Release|x64.Build.0 = Release|x64
		{586BE6CF-0428-4304-81EB-35D326A4086C}.Release|x86.ActiveCfg = Release|Win32
		{586BE6CF-0428-4304-81EB-35D326A4086C}.Release|x86.Build.0 = Release|Win32
		{B342B2A2-45F1-400D-AF98-E613DEE77539}.Debug|x64.ActiveCfg = Debug|x64
		{B342B2A2-45F1-400D-AF98-E613DEE77539}.Debug|x64.Build.0 = Debug|x64
		{B342B2A2-45F1-400D-AF98-E613DEE77539}.Debug|x86.ActiveCfg = Debug|Win32
		{B342B2A2-45F1-400D-AF98-E613DEE77539}.Debug|x86.Build.0 = Debug|Win32
		{B342B2A2-45F1-400D-AF98-E613DEE77539}.Release|x64.ActiveCfg = Release|x64
		{B342B2A2-45F1-400D-AF98-E613DEE77539}.Release|x64.Build.0 = Release|x64
		{B342B2A2-45F1-400D-AF98-E613DEE77539}.Release|x86.ActiveCfg = Release|Win32
		{B342B2A2-45F1-400D-AF98-E613DEE77539}.Release|x86.Build.0 = Release|Win32
		{3C69B1AC-9AAD-4DF1-BD29-11F6DFDDD247}.Debug|x64.ActiveCfg = Debug|x64
		{3C69B1AC-9AAD-4DF1-BD29-11F6DFDDD247}.Debug|x64.Build.0 = Debug|x64
		{3C69B1AC-9AAD-4DF1-BD29-11F6DFDDD247}.Debug|x86.ActiveCfg = Debug|Win32
		{3C69B1AC-9AAD-4DF1-BD29-11F6DFDDD247}.Debug|x86.Build.0 = Debug|Win32
		{3C69B1AC-9AAD-4DF1-BD29-11F6DFDDD247}.Release|x64.ActiveCfg = Release|x64
		{3C69B1AC-9AAD-4DF1-BD29-11F6DFDDD247}.Release|x64.Build.0 = Release|x64
		{3C69B1AC-9AAD-4DF1-BD29-11F6DFDDD247}.Release|x86.ActiveCfg = Release|Win32
		{3C69B1AC-9AAD-4DF1-BD29-11F6DFDDD247}.Release|x86.Build.0 = Release|Win32
		{C13D0DAD-3EA6-46B5-B9B8-887C89A326C3}.Debug|x64.ActiveCfg = Debug|x64
		{C13D0DAD-3EA6-46B5-B9B8-887C89A326C3}.Debug|x64.Build.0 = Debug|x64
		{C13D0DAD-3EA6-46B5-B9B8-887C89A326C3}.Debug|x86.ActiveCfg = Debug|Win32
		{C13D0DAD-3EA6-46B5-B9B8-887C89A326C3}.Debug|x86.Build.0 = Debug|Win32
		{C13D0DAD-3EA6-46B5-B9B8-887C89A326C3}.Release|x64.ActiveCfg = Release|x64
		{C13D0DAD-3EA6-46B5-B9B8-887C89A326C3}.Release|x64.Build.0 = Release|x64
		{C13D0DAD-3EA6-46B5-B9B8-887C89A326C3}.Release|x86.ActiveCfg = Release|Win32
		{C13D0DAD-3EA6-46B5-B9B8-887C89A326C3}.Release|x86.Build.0 = Release|Win32
		{77A3617A-2F1F-4F72-AA3A-48883F5F433A}.Debug|x64.ActiveCfg = Debug|x64
		{77A3617A-2F1F-4F72-AA3A-48883F5F433A}.Debug|x64.Build.0 = Debug|x64
		{77A3617A-2F1F-4F72-AA3A-48883F5F433A}.Debug|x86.ActiveCfg = Debug|Win32
		{77A3617A-2F1F-4F72-AA3A-48883F5F433A}.Debug|x86.Build.0 = Debug|Win32
		{77A3617A-2F1F-4F72-AA3A-48883F5F433A}.Release|x64.ActiveCfg = Release|x64
		{77A3617A-2F1F-4F72-AA3A-48883F5F433A}.Release|x64.Build.0 = Release|x64
		{77A3617A-2F1F-4F72-AA3A-48883F5F433A}.Release|x86.ActiveCfg = Release|Win32
		{77A3617A-2F1F-4F72-AA3A-48883F5F433A}.Release|x86.Build.0 = Release|Win32
		{9E13F123-CB1D-4543-999D-2FBF90A56CD7}.Debug|x64.ActiveCfg = Debug|x64
		{9E13F123-CB1D-4543-999D-2FBF90A56CD7}.Debug|x64.Build.0 = Debug|x64
		{9E13F123-CB1D-4543-999D-2FBF90A56CD7}.Debug|x86.ActiveCfg = Debug|Win32
		{9E13F123-CB1D-4543-999D-2FBF90A56CD7}.Debug|x86.Build.0 = Debug|Win32
		{9E13F123-CB1D-4543-999D-2FBF90A56CD7}.Release|x64.ActiveCfg = Release|x64
		{9E13F123-CB1D-4543-999D-2FBF90A56CD7}.Release|x64.Build.0 = Release|x64
		{9E13F123-CB1D-4543-999D-2FBF90A56CD7}.Release|x86.ActiveCfg = Release|Win32
		{9E13F123-CB1D-4543-999D-2FBF90A56CD7}.Release|x86.Build.0 = Release|Win32
		{21B58105-C068-4625-9309-3EF56D5C044E}.Debug|x64.ActiveCfg = Debug|x64
		{21B58105-C068-4625-9309-3EF56D5C044E}.Debug|x64.Build.0 = Debug|x64
		{21B58105-C068-4625-9309-3EF56D5C044E}.Debug|x86.ActiveCfg = Debug|Win32
		{21B58105-C068-4625-9309-3EF56D5C044E}.Debug|x86.Build.0 = Debug|Win32
		{21B58105-C068-4625-9309-3EF56D5C044E}.Release|x64.ActiveCfg = Release|x64
		{21B58105-C068-4625-9309-3EF56D5C044E}.Release|x64.Build.0 = Release|x64
		{21B58105-C068-4625-9309-3EF56D5C044E}.Release|x86.ActiveCfg = Release|Win32
		{21B58105-C068-4625-9309-3EF56D5C044E}.Release|x86.Build.0 = Release|Win32
		{1FD9ACD4-16EE-4DB2-B3A7-1324881F5945}.Debug|x64.ActiveCfg = Debug|x64
		{1FD9ACD4-16EE-4DB2-B3A7-1324881F5945}.Debug|x64.Build.0 = Debug|x64
		{1FD9ACD4-16EE-4DB2-B3A7-1324881F5945}.Debug|x86.ActiveCfg = Debug|Win32
		{1FD9ACD4-16EE-4DB2-B3A7-1324881F5945}.Debug|x86.Build.0 = Debug|Win32
		{1FD9ACD4-16EE-4DB2-B3A7-1324881F5945}.Release|x64.ActiveCfg = Release|x64
		{1FD9ACD4-16EE-4DB2-B3A7-1324881F5945}.Release|x64.Build.0 = Release|x64
		{1FD9ACD4-16EE-4DB2-B3A7-1324881F5945}.Release|x86.ActiveCfg = Release|Win32
		{1FD9ACD4-16EE-4DB2-B3A7-1324881F5945}.Release|x86.Build.0 = Release|Win32
		{D7E2DB44-54D9-408D-BB71-4D647FCE90B5}.Debug|x64.ActiveCfg = Debug|x64
		{D7E2DB44-54D9-408D-BB71-4D647FCE90B5}.Debug|x64.Build.0 = Debug|x64
		{D7E2DB44-54D9-408D-BB71-4D647FCE90B5}.Debug|x86.ActiveCfg = Debug|Win32
		{D7E2DB44-54D9-408D-BB71-4D647FCE90B5}.Debug|x86.Build.0 = Debug|Win32
		{D7E2DB44-54D9-408D-BB71-4D647FCE90B5}.Release|x64.ActiveCfg = Release|x64
		{D7E2DB44-54D9-408D-BB71-4D647FCE90B5}.Release|x64.Build.0 = Release|x64
		{D7E2DB44-54D9-408D-BB71-4D647FCE90B5}.Release|x86.ActiveCfg = Release|Win32
		{D7E2DB44-54D9-408D-BB71-4D647FCE90B5}.Release|x86.Build.0 = Release|Win32
		{3317DB2D-66D3-45EE-9038-6A13ABBDD89C}.Debug|x64.ActiveCfg = Debug|x64
		{3317DB2D-66D3-45EE-9038-6A13ABBDD89C}.Debug|x64.Build.0 = Debug|x64
		{3317DB2D-66D3-45EE-9038-6A13ABBDD89C}.Debug|x86.ActiveCfg = Debug|Win32
		{3317DB2D-66D3-45EE-9038-6A13ABBDD89C}.Debug|x86.Build.0 = Debug|Win32
		{3317DB2D-66D3-45EE-9038-6A13ABBDD89C}.Release|x64.ActiveCfg = Release|x64
		{3317DB2D-66D3-45EE-9038-6A13ABBDD89C}.Release|x64.Build.0 = Release|x64
		{3317DB2D-66D3-45EE-9038-6A13ABBDD89C}.Release|x86.ActiveCfg = Release|Win32
		{3317DB2D-66D3-45EE-9038-6A13ABBDD89C}.Release|x86.Build.0 = Release|Win32
		{C5A9422D-4EE8-4093-BE4E-40B08F42A1C2}.Debug|x64.ActiveCfg = Debug|x64
		{C5A9422D-4EE8-4093-BE4E-40B08F42A1C2}.Debug|x64.Build.0 = Debug|x64
		{C5A9422D-4EE8-4093-BE4E-40B08F42A1C2}.Debug|x86.ActiveCfg = Debug|Win32
		{C5A9422D-4EE8-4093-BE4E-40B08F42A1C2}.Debug|x86.Build.0 = Debug|Win32
		{C5A9422D-4EE8-4093-BE4E-40B08F42A1C2}.Release|x64.ActiveCfg = Release|x64
		{C5A9422D-4EE8-4093-BE4E-40B08F42A1C2}.Release|x64.Build.0 = Release|x64
		{C5A9422D-4EE8-4093-BE4E-40B08F42A1C2}.Release|x86.ActiveCfg = Release|Win32
		{C5A9422D-4EE8-4093-BE4E-40B08F42A1C2}.Release|x86.Build.0 = Release|Win32
		{2ED95F52-4835-44A1-86B8-56516BD4C513}.Debug|x64.ActiveCfg = Debug|x64
		{2ED95F52-4835-44A1-86B8-56516BD4C513}.Debug|x64.Build.0 = Debug|x64
		{2ED95F52-4835-44A1-86B8-56516BD4C513}.Debug|x86.ActiveCfg = Debug|Win32
		{2ED95F52-4835-44A1-86B8-56516BD4C513}.Debug|x86.Build.0 = Debug|Win32
		{2ED95F52-4835-44A1-86B8-56516BD4C513}.Release|x64.ActiveCfg = Release|x64
		{2ED95F52-4835-44A1-86B8-56516BD4C513}.Release|x64.Build.0 = Release|x64
		{2ED95F52-4835-44A1-86B8-56516BD4C513}.Release|x86.ActiveCfg = Release|Win32
		{2ED95F52-4835-44A1-86B8-56516BD4C513}.Release|x86.Build.0 = Release|Win32
		{9108C487-1066-443D-B0A7-E138DD5A5004}.Debug|x64.ActiveCfg = Debug|x64
		{9108C487-1066-443D-B0A7-E138DD5A5004}.Debug|x64.Build.0 = Debug|x64
		{9108C487-1066-443D-B0A7-E138DD5A5004}.Debug|x86.ActiveCfg = Debug|Win32
		{9108C487-1066-443D-B0A7-E138DD5A5004}.Debug|x86.Build.0 = Debug|Win32
		{9108C487-1066-443D-B0A7-E138DD5A5004}.Release|x64.ActiveCfg = Release|x64
		{9108C487-1066-443D-B0A7-E138DD5A5004}.Release|x64.Build.0 = Release|x64
		{9108C487-1066-443D-B0A7-E138DD5A5004}.Release|x86.ActiveCfg = Release|Win32
		{9108C487-1066-443D-B0A7-E138DD5A5004}.Release|x86.Build.0 = Release|Win32
		{82FDC3D7-29D1-4F02-9958-E2BC6B779B25}.Debug|x64.ActiveCfg = Debug|x64
		{82FDC3D7-29D1-4F02-9958-E2BC6B779B25}.Debug|x64.Build.0 = Debug|x64
		{82FDC3D7-29D1-4F02-9958-E2BC6B779B25}.Debug|x86.ActiveCfg = Debug|Win32
		{82FDC3D7-29D1-4F02-9958-E2BC6B779B25}.Debug|x86.Build.0 = Debug|Win32
		{82FDC3D7-29D1-4F02-9958-E2BC6B779B25}.Release|x64.ActiveCfg = Release|x64
		{82FDC3D7-29D1-4F02-9958-E2BC6B779B25}.Release|x64.Build.0 = Release|x64
		{82FDC3D7-29D1-4F02-9958-E2BC6B779B25}.Release|x86.ActiveCfg = Release|Win32
		{82FDC3D7-29D1-4F02-9958-E2BC6B779B25}.Release|x86.Build.0 = Release|Win32
		{640B1261-BD7E-4993-98B6-14F1AE1FD755}.Debug|x64.ActiveCfg = Debug|x64
		{640B1261-BD7E-4993-98B6-14F1AE1FD755}.Debug|x64.Build.0 = Debug|x64
		{640B1261-BD7E-4993-98B6-14F1AE1FD755}.Debug|x86.ActiveCfg = Debug|Win32
		{640B1261-BD7E-4993-98B6-14F1AE1FD755}.Debug|x86.Build.0 = Debug|Win32
		{640B1261-BD7E-4993-98B6-14F1AE1FD755}.Release|x64.ActiveCfg = Release|x64
		{640B1261-BD7E-4993-98B6-14F1AE1FD755}.Release|x64.Build.0 = Release|x64
		{640B1261-BD7E-4993-98B6-14F1AE1FD755}.Release|x86.ActiveCfg = Release|Win32
		{640B1261-BD7E-4993-98B6-14F1AE1FD755}.Release|x86.Build.0 = Release|Win32
		{4E38166B-E5AA-42F6-8AF9-5EF780C19188}.Debug|x64.ActiveCfg = Debug|x64
		{4E38166B-E5AA-42F6-8AF9-5EF780C19188}.Debug|x64.Build.0 = Debug|x64
		{4E38166B-E5AA-42F6-8AF9-5EF780C19188}.Debug|x86.ActiveCfg = Debug|Win32
		{4E38166B-E5AA-42F6-8AF9-5EF780C19188}.Debug|x86.Build.0 = Debug|Win32
		{4E38166B-E5AA-42F6-8AF9-5EF780C19188}.Release|x64.ActiveCfg = Release|x64
		{4E38166B-E5AA-42F6-8AF9-5EF780C19188}.Release|x64.Build.0 = Release|x64
		{4E38166B-E5AA-42F6-8AF9-5EF780C19188}.Release|x86.ActiveCfg = Release|Win32
		{4E38166B-E5AA-42F6-8AF9-5EF780C19188}.Release|x86.Build.0 = Release|Win32
	EndGlobalSection
	GlobalSection(SolutionProperties) = preSolution
		HideSolutionNode = FALSE
	EndGlobalSection
	GlobalSection(ExtensibilityGlobals) = postSolution
		SolutionGuid = {450DD4BD-7841-4F74-8CB2-2AA416E30725}
	EndGlobalSection
EndGlobal
